// !$*UTF8*$!
{
	archiveVersion = 1;
	classes = {
	};
	objectVersion = 56;
	objects = {

/* Begin PBXBuildFile section */
		AB2763A92AC6840D007F3812 /* Bipartite Graph Tests.swift in Sources */ = {isa = PBXBuildFile; fileRef = AB2763A82AC6840D007F3812 /* Bipartite Graph Tests.swift */; };
		AB2763AB2AC6C4F3007F3812 /* Tree Tests.swift in Sources */ = {isa = PBXBuildFile; fileRef = AB2763AA2AC6C4F3007F3812 /* Tree Tests.swift */; };
		AB510F342A8A91C800B76121 /* Adjacency_Table_BuilderApp.swift in Sources */ = {isa = PBXBuildFile; fileRef = AB510F332A8A91C800B76121 /* Adjacency_Table_BuilderApp.swift */; };
		AB510F362A8A91C800B76121 /* ContentView.swift in Sources */ = {isa = PBXBuildFile; fileRef = AB510F352A8A91C800B76121 /* ContentView.swift */; };
		AB510F3A2A8A91CA00B76121 /* Assets.xcassets in Resources */ = {isa = PBXBuildFile; fileRef = AB510F392A8A91CA00B76121 /* Assets.xcassets */; };
		AB510F3E2A8A91CA00B76121 /* Preview Assets.xcassets in Resources */ = {isa = PBXBuildFile; fileRef = AB510F3D2A8A91CA00B76121 /* Preview Assets.xcassets */; };
		AB510F612A8A923F00B76121 /* Cell.swift in Sources */ = {isa = PBXBuildFile; fileRef = AB510F602A8A923F00B76121 /* Cell.swift */; };
		AB510F652A8A928800B76121 /* Graph.swift in Sources */ = {isa = PBXBuildFile; fileRef = AB510F642A8A928800B76121 /* Graph.swift */; };
		AB510F6B2A8A92CD00B76121 /* TableView.swift in Sources */ = {isa = PBXBuildFile; fileRef = AB510F6A2A8A92CD00B76121 /* TableView.swift */; };
		AB55B1152A99B20900928D09 /* TableViewer.swift in Sources */ = {isa = PBXBuildFile; fileRef = AB55B1142A99B20900928D09 /* TableViewer.swift */; };
		AB6BB0D72AB6859E0009D5F2 /* Empty Graph Tests.swift in Sources */ = {isa = PBXBuildFile; fileRef = AB6BB0D62AB6859E0009D5F2 /* Empty Graph Tests.swift */; };
		AB6D565E2ABBDC5E005415F7 /* Graph Test Samples.swift in Sources */ = {isa = PBXBuildFile; fileRef = AB6D565D2ABBDC5E005415F7 /* Graph Test Samples.swift */; };
		AB6E1DB02AB0030400DD2A7A /* GraphFacts.swift in Sources */ = {isa = PBXBuildFile; fileRef = AB6E1DAF2AB0030400DD2A7A /* GraphFacts.swift */; };
		AB76A9622A99A448007DE536 /* EdgeView.swift in Sources */ = {isa = PBXBuildFile; fileRef = AB76A9612A99A448007DE536 /* EdgeView.swift */; };
		AB76A9682A99A620007DE536 /* VertexList.swift in Sources */ = {isa = PBXBuildFile; fileRef = AB76A9672A99A620007DE536 /* VertexList.swift */; };
		AB76A96A2A99A645007DE536 /* EdgeList.swift in Sources */ = {isa = PBXBuildFile; fileRef = AB76A9692A99A645007DE536 /* EdgeList.swift */; };
		AB76A96C2A99A74F007DE536 /* VertexView.swift in Sources */ = {isa = PBXBuildFile; fileRef = AB76A96B2A99A74F007DE536 /* VertexView.swift */; };
		AB8BFA4B2ABADFF100B1B2CC /* Edge.swift in Sources */ = {isa = PBXBuildFile; fileRef = AB8BFA4A2ABADFF100B1B2CC /* Edge.swift */; };
		AB8BFA4D2ABAE04D00B1B2CC /* Graph Samples.swift in Sources */ = {isa = PBXBuildFile; fileRef = AB8BFA4C2ABAE04D00B1B2CC /* Graph Samples.swift */; };
		ABAE8EB92A9C60540019F1D7 /* GraphEditor.swift in Sources */ = {isa = PBXBuildFile; fileRef = ABAE8EB82A9C60540019F1D7 /* GraphEditor.swift */; };
		ABAF3D4C2AC757F600B23F64 /* GraphViz.swift in Sources */ = {isa = PBXBuildFile; fileRef = ABAF3D4B2AC757F600B23F64 /* GraphViz.swift */; };
		ABAF3D4E2AC767BF00B23F64 /* GraphVizViewer.swift in Sources */ = {isa = PBXBuildFile; fileRef = ABAF3D4D2AC767BF00B23F64 /* GraphVizViewer.swift */; };
		ABB518502ABD70E400CB4B98 /* Graph Tests.swift in Sources */ = {isa = PBXBuildFile; fileRef = ABB5184F2ABD70E400CB4B98 /* Graph Tests.swift */; };
		ABB518522ABD75DB00CB4B98 /* EdgeCreator.swift in Sources */ = {isa = PBXBuildFile; fileRef = ABB518512ABD75DB00CB4B98 /* EdgeCreator.swift */; };
		ABB518562ABE502400CB4B98 /* Comfortaa.ttf in Resources */ = {isa = PBXBuildFile; fileRef = ABB518552ABE502400CB4B98 /* Comfortaa.ttf */; };
		ABB5185A2ABE64EF00CB4B98 /* Comfortaa.swift in Sources */ = {isa = PBXBuildFile; fileRef = ABB518592ABE64EF00CB4B98 /* Comfortaa.swift */; };
		ABBFEA1D2ABE6DB20061FF0E /* AddingHelper.swift in Sources */ = {isa = PBXBuildFile; fileRef = ABBFEA1C2ABE6DB20061FF0E /* AddingHelper.swift */; };
		ABC87FEB2AC4C97B00EEA68A /* Graph Connectivity Tests.swift in Sources */ = {isa = PBXBuildFile; fileRef = ABC87FEA2AC4C97B00EEA68A /* Graph Connectivity Tests.swift */; };
		ABEEF2562AB1902B004C9429 /* Undirected Graph Tests.swift in Sources */ = {isa = PBXBuildFile; fileRef = ABEEF2552AB1902B004C9429 /* Undirected Graph Tests.swift */; };
		ABEEF2582AB19043004C9429 /* Weighted Graph Tests.swift in Sources */ = {isa = PBXBuildFile; fileRef = ABEEF2572AB19043004C9429 /* Weighted Graph Tests.swift */; };
		ABEEF25A2AB19050004C9429 /* Unweighted Graph Tests.swift in Sources */ = {isa = PBXBuildFile; fileRef = ABEEF2592AB19050004C9429 /* Unweighted Graph Tests.swift */; };
		ABEEF25C2AB1905E004C9429 /* Cyclic Graph Tests.swift in Sources */ = {isa = PBXBuildFile; fileRef = ABEEF25B2AB1905E004C9429 /* Cyclic Graph Tests.swift */; };
		ABEEF25E2AB19073004C9429 /* Acyclic Graph Tests.swift in Sources */ = {isa = PBXBuildFile; fileRef = ABEEF25D2AB19073004C9429 /* Acyclic Graph Tests.swift */; };
/* End PBXBuildFile section */

/* Begin PBXContainerItemProxy section */
		AB510F442A8A91CA00B76121 /* PBXContainerItemProxy */ = {
			isa = PBXContainerItemProxy;
			containerPortal = AB510F282A8A91C800B76121 /* Project object */;
			proxyType = 1;
			remoteGlobalIDString = AB510F2F2A8A91C800B76121;
			remoteInfo = "Adjacency Table Builder";
		};
/* End PBXContainerItemProxy section */

/* Begin PBXFileReference section */
		AB2763A82AC6840D007F3812 /* Bipartite Graph Tests.swift */ = {isa = PBXFileReference; lastKnownFileType = sourcecode.swift; path = "Bipartite Graph Tests.swift"; sourceTree = "<group>"; };
		AB2763AA2AC6C4F3007F3812 /* Tree Tests.swift */ = {isa = PBXFileReference; lastKnownFileType = sourcecode.swift; path = "Tree Tests.swift"; sourceTree = "<group>"; };
		AB510F302A8A91C800B76121 /* Adjacency Table Builder.app */ = {isa = PBXFileReference; explicitFileType = wrapper.application; includeInIndex = 0; path = "Adjacency Table Builder.app"; sourceTree = BUILT_PRODUCTS_DIR; };
		AB510F332A8A91C800B76121 /* Adjacency_Table_BuilderApp.swift */ = {isa = PBXFileReference; lastKnownFileType = sourcecode.swift; path = Adjacency_Table_BuilderApp.swift; sourceTree = "<group>"; };
		AB510F352A8A91C800B76121 /* ContentView.swift */ = {isa = PBXFileReference; lastKnownFileType = sourcecode.swift; path = ContentView.swift; sourceTree = "<group>"; };
		AB510F392A8A91CA00B76121 /* Assets.xcassets */ = {isa = PBXFileReference; lastKnownFileType = folder.assetcatalog; path = Assets.xcassets; sourceTree = "<group>"; };
		AB510F3B2A8A91CA00B76121 /* Adjacency_Table_Builder.entitlements */ = {isa = PBXFileReference; lastKnownFileType = text.plist.entitlements; path = Adjacency_Table_Builder.entitlements; sourceTree = "<group>"; };
		AB510F3D2A8A91CA00B76121 /* Preview Assets.xcassets */ = {isa = PBXFileReference; lastKnownFileType = folder.assetcatalog; path = "Preview Assets.xcassets"; sourceTree = "<group>"; };
		AB510F432A8A91CA00B76121 /* Adjacency Table BuilderTests.xctest */ = {isa = PBXFileReference; explicitFileType = wrapper.cfbundle; includeInIndex = 0; path = "Adjacency Table BuilderTests.xctest"; sourceTree = BUILT_PRODUCTS_DIR; };
		AB510F602A8A923F00B76121 /* Cell.swift */ = {isa = PBXFileReference; lastKnownFileType = sourcecode.swift; path = Cell.swift; sourceTree = "<group>"; };
		AB510F642A8A928800B76121 /* Graph.swift */ = {isa = PBXFileReference; lastKnownFileType = sourcecode.swift; path = Graph.swift; sourceTree = "<group>"; };
		AB510F6A2A8A92CD00B76121 /* TableView.swift */ = {isa = PBXFileReference; lastKnownFileType = sourcecode.swift; path = TableView.swift; sourceTree = "<group>"; };
		AB55B1142A99B20900928D09 /* TableViewer.swift */ = {isa = PBXFileReference; lastKnownFileType = sourcecode.swift; path = TableViewer.swift; sourceTree = "<group>"; };
		AB6BB0D62AB6859E0009D5F2 /* Empty Graph Tests.swift */ = {isa = PBXFileReference; lastKnownFileType = sourcecode.swift; path = "Empty Graph Tests.swift"; sourceTree = "<group>"; };
		AB6D565D2ABBDC5E005415F7 /* Graph Test Samples.swift */ = {isa = PBXFileReference; lastKnownFileType = sourcecode.swift; path = "Graph Test Samples.swift"; sourceTree = "<group>"; };
		AB6E1DAF2AB0030400DD2A7A /* GraphFacts.swift */ = {isa = PBXFileReference; lastKnownFileType = sourcecode.swift; path = GraphFacts.swift; sourceTree = "<group>"; };
		AB76A9612A99A448007DE536 /* EdgeView.swift */ = {isa = PBXFileReference; lastKnownFileType = sourcecode.swift; path = EdgeView.swift; sourceTree = "<group>"; };
		AB76A9672A99A620007DE536 /* VertexList.swift */ = {isa = PBXFileReference; lastKnownFileType = sourcecode.swift; path = VertexList.swift; sourceTree = "<group>"; };
		AB76A9692A99A645007DE536 /* EdgeList.swift */ = {isa = PBXFileReference; lastKnownFileType = sourcecode.swift; path = EdgeList.swift; sourceTree = "<group>"; };
		AB76A96B2A99A74F007DE536 /* VertexView.swift */ = {isa = PBXFileReference; lastKnownFileType = sourcecode.swift; path = VertexView.swift; sourceTree = "<group>"; };
		AB8B740C2A8CD2A500CC4CE9 /* README.md */ = {isa = PBXFileReference; lastKnownFileType = net.daringfireball.markdown; path = README.md; sourceTree = "<group>"; };
		AB8BFA4A2ABADFF100B1B2CC /* Edge.swift */ = {isa = PBXFileReference; lastKnownFileType = sourcecode.swift; path = Edge.swift; sourceTree = "<group>"; };
		AB8BFA4C2ABAE04D00B1B2CC /* Graph Samples.swift */ = {isa = PBXFileReference; lastKnownFileType = sourcecode.swift; path = "Graph Samples.swift"; sourceTree = "<group>"; };
		ABAE8EB82A9C60540019F1D7 /* GraphEditor.swift */ = {isa = PBXFileReference; lastKnownFileType = sourcecode.swift; path = GraphEditor.swift; sourceTree = "<group>"; };
		ABAF3D4B2AC757F600B23F64 /* GraphViz.swift */ = {isa = PBXFileReference; lastKnownFileType = sourcecode.swift; path = GraphViz.swift; sourceTree = "<group>"; };
		ABAF3D4D2AC767BF00B23F64 /* GraphVizViewer.swift */ = {isa = PBXFileReference; lastKnownFileType = sourcecode.swift; path = GraphVizViewer.swift; sourceTree = "<group>"; };
		ABB5184F2ABD70E400CB4B98 /* Graph Tests.swift */ = {isa = PBXFileReference; lastKnownFileType = sourcecode.swift; path = "Graph Tests.swift"; sourceTree = "<group>"; };
		ABB518512ABD75DB00CB4B98 /* EdgeCreator.swift */ = {isa = PBXFileReference; lastKnownFileType = sourcecode.swift; path = EdgeCreator.swift; sourceTree = "<group>"; };
		ABB518552ABE502400CB4B98 /* Comfortaa.ttf */ = {isa = PBXFileReference; lastKnownFileType = file; path = Comfortaa.ttf; sourceTree = "<group>"; };
		ABB518572ABE5F8D00CB4B98 /* Adjacency-Table-Builder-Info.plist */ = {isa = PBXFileReference; lastKnownFileType = text.plist; path = "Adjacency-Table-Builder-Info.plist"; sourceTree = SOURCE_ROOT; };
		ABB518592ABE64EF00CB4B98 /* Comfortaa.swift */ = {isa = PBXFileReference; lastKnownFileType = sourcecode.swift; path = Comfortaa.swift; sourceTree = "<group>"; };
		ABBFEA1C2ABE6DB20061FF0E /* AddingHelper.swift */ = {isa = PBXFileReference; lastKnownFileType = sourcecode.swift; path = AddingHelper.swift; sourceTree = "<group>"; };
		ABC87FEA2AC4C97B00EEA68A /* Graph Connectivity Tests.swift */ = {isa = PBXFileReference; lastKnownFileType = sourcecode.swift; path = "Graph Connectivity Tests.swift"; sourceTree = "<group>"; };
		ABEEF2552AB1902B004C9429 /* Undirected Graph Tests.swift */ = {isa = PBXFileReference; lastKnownFileType = sourcecode.swift; path = "Undirected Graph Tests.swift"; sourceTree = "<group>"; };
		ABEEF2572AB19043004C9429 /* Weighted Graph Tests.swift */ = {isa = PBXFileReference; lastKnownFileType = sourcecode.swift; path = "Weighted Graph Tests.swift"; sourceTree = "<group>"; };
		ABEEF2592AB19050004C9429 /* Unweighted Graph Tests.swift */ = {isa = PBXFileReference; lastKnownFileType = sourcecode.swift; path = "Unweighted Graph Tests.swift"; sourceTree = "<group>"; };
		ABEEF25B2AB1905E004C9429 /* Cyclic Graph Tests.swift */ = {isa = PBXFileReference; lastKnownFileType = sourcecode.swift; path = "Cyclic Graph Tests.swift"; sourceTree = "<group>"; };
		ABEEF25D2AB19073004C9429 /* Acyclic Graph Tests.swift */ = {isa = PBXFileReference; lastKnownFileType = sourcecode.swift; path = "Acyclic Graph Tests.swift"; sourceTree = "<group>"; };
/* End PBXFileReference section */

/* Begin PBXFrameworksBuildPhase section */
		AB510F2D2A8A91C800B76121 /* Frameworks */ = {
			isa = PBXFrameworksBuildPhase;
			buildActionMask = 2147483647;
			files = (
			);
			runOnlyForDeploymentPostprocessing = 0;
		};
		AB510F402A8A91CA00B76121 /* Frameworks */ = {
			isa = PBXFrameworksBuildPhase;
			buildActionMask = 2147483647;
			files = (
			);
			runOnlyForDeploymentPostprocessing = 0;
		};
/* End PBXFrameworksBuildPhase section */

/* Begin PBXGroup section */
		AB510F272A8A91C800B76121 = {
			isa = PBXGroup;
			children = (
				AB8B740C2A8CD2A500CC4CE9 /* README.md */,
				AB510F322A8A91C800B76121 /* Adjacency Table Builder */,
				AB510F462A8A91CA00B76121 /* Adjacency Table BuilderTests */,
				AB510F312A8A91C800B76121 /* Products */,
			);
			sourceTree = "<group>";
		};
		AB510F312A8A91C800B76121 /* Products */ = {
			isa = PBXGroup;
			children = (
				AB510F302A8A91C800B76121 /* Adjacency Table Builder.app */,
				AB510F432A8A91CA00B76121 /* Adjacency Table BuilderTests.xctest */,
			);
			name = Products;
			sourceTree = "<group>";
		};
		AB510F322A8A91C800B76121 /* Adjacency Table Builder */ = {
			isa = PBXGroup;
			children = (
				ABB518582ABE64D400CB4B98 /* Fonts */,
				AB8BFA4F2ABAE07D00B1B2CC /* Data */,
				AB8BFA4E2ABAE06F00B1B2CC /* Logic */,
				AB76A95E2A998D4B007DE536 /* Views */,
				AB510F332A8A91C800B76121 /* Adjacency_Table_BuilderApp.swift */,
				AB510F392A8A91CA00B76121 /* Assets.xcassets */,
				ABB518572ABE5F8D00CB4B98 /* Adjacency-Table-Builder-Info.plist */,
				AB510F3B2A8A91CA00B76121 /* Adjacency_Table_Builder.entitlements */,
				AB510F3C2A8A91CA00B76121 /* Preview Content */,
			);
			path = "Adjacency Table Builder";
			sourceTree = "<group>";
		};
		AB510F3C2A8A91CA00B76121 /* Preview Content */ = {
			isa = PBXGroup;
			children = (
				AB510F3D2A8A91CA00B76121 /* Preview Assets.xcassets */,
			);
			path = "Preview Content";
			sourceTree = "<group>";
		};
		AB510F462A8A91CA00B76121 /* Adjacency Table BuilderTests */ = {
			isa = PBXGroup;
			children = (
				ABEEF2622AB1915B004C9429 /* Graph Tests */,
			);
			path = "Adjacency Table BuilderTests";
			sourceTree = "<group>";
		};
		AB76A95E2A998D4B007DE536 /* Views */ = {
			isa = PBXGroup;
			children = (
				AB510F352A8A91C800B76121 /* ContentView.swift */,
				ABBFEA1E2ABE7AF60061FF0E /* GraphEditor */,
				ABAF3D4F2AC767F100B23F64 /* GraphViz */,
				AB8BFA522ABAE0B900B1B2CC /* Table */,
			);
			name = Views;
			sourceTree = "<group>";
		};
		AB8BFA4E2ABAE06F00B1B2CC /* Logic */ = {
			isa = PBXGroup;
			children = (
				AB510F642A8A928800B76121 /* Graph.swift */,
				AB8BFA4A2ABADFF100B1B2CC /* Edge.swift */,
			);
			path = Logic;
			sourceTree = "<group>";
		};
		AB8BFA4F2ABAE07D00B1B2CC /* Data */ = {
			isa = PBXGroup;
			children = (
				AB8BFA4C2ABAE04D00B1B2CC /* Graph Samples.swift */,
			);
			path = Data;
			sourceTree = "<group>";
		};
		AB8BFA502ABAE09F00B1B2CC /* Vertex */ = {
			isa = PBXGroup;
			children = (
				AB76A9672A99A620007DE536 /* VertexList.swift */,
				AB76A96B2A99A74F007DE536 /* VertexView.swift */,
			);
			name = Vertex;
			sourceTree = "<group>";
		};
		AB8BFA512ABAE0AD00B1B2CC /* Edge */ = {
			isa = PBXGroup;
			children = (
				AB76A9692A99A645007DE536 /* EdgeList.swift */,
				ABB518512ABD75DB00CB4B98 /* EdgeCreator.swift */,
				AB76A9612A99A448007DE536 /* EdgeView.swift */,
			);
			name = Edge;
			sourceTree = "<group>";
		};
		AB8BFA522ABAE0B900B1B2CC /* Table */ = {
			isa = PBXGroup;
			children = (
				AB510F602A8A923F00B76121 /* Cell.swift */,
				AB6E1DAF2AB0030400DD2A7A /* GraphFacts.swift */,
				AB510F6A2A8A92CD00B76121 /* TableView.swift */,
				AB55B1142A99B20900928D09 /* TableViewer.swift */,
			);
			name = Table;
			sourceTree = "<group>";
		};
		ABAF3D4F2AC767F100B23F64 /* GraphViz */ = {
			isa = PBXGroup;
			children = (
				ABAF3D4B2AC757F600B23F64 /* GraphViz.swift */,
				ABAF3D4D2AC767BF00B23F64 /* GraphVizViewer.swift */,
			);
			name = GraphViz;
			sourceTree = "<group>";
		};
		ABB518582ABE64D400CB4B98 /* Fonts */ = {
			isa = PBXGroup;
			children = (
				ABB518552ABE502400CB4B98 /* Comfortaa.ttf */,
				ABB518592ABE64EF00CB4B98 /* Comfortaa.swift */,
			);
			path = Fonts;
			sourceTree = "<group>";
		};
		ABBFEA1E2ABE7AF60061FF0E /* GraphEditor */ = {
			isa = PBXGroup;
			children = (
				ABBFEA1C2ABE6DB20061FF0E /* AddingHelper.swift */,
				ABAE8EB82A9C60540019F1D7 /* GraphEditor.swift */,
				AB8BFA502ABAE09F00B1B2CC /* Vertex */,
				AB8BFA512ABAE0AD00B1B2CC /* Edge */,
			);
			name = GraphEditor;
			sourceTree = "<group>";
		};
		ABEEF2602AB190AD004C9429 /* Weight Graph Tests */ = {
			isa = PBXGroup;
			children = (
				ABEEF2592AB19050004C9429 /* Unweighted Graph Tests.swift */,
				ABEEF2572AB19043004C9429 /* Weighted Graph Tests.swift */,
			);
			path = "Weight Graph Tests";
			sourceTree = "<group>";
		};
		ABEEF2612AB190D4004C9429 /* Directed and Undirected Graphs */ = {
			isa = PBXGroup;
			children = (
				ABEEF25D2AB19073004C9429 /* Acyclic Graph Tests.swift */,
				ABEEF25B2AB1905E004C9429 /* Cyclic Graph Tests.swift */,
				ABEEF2552AB1902B004C9429 /* Undirected Graph Tests.swift */,
			);
			path = "Directed and Undirected Graphs";
			sourceTree = "<group>";
		};
		ABEEF2622AB1915B004C9429 /* Graph Tests */ = {
			isa = PBXGroup;
			children = (
				AB2763A82AC6840D007F3812 /* Bipartite Graph Tests.swift */,
				ABC87FEA2AC4C97B00EEA68A /* Graph Connectivity Tests.swift */,
				AB6D565D2ABBDC5E005415F7 /* Graph Test Samples.swift */,
				ABB5184F2ABD70E400CB4B98 /* Graph Tests.swift */,
				AB6BB0D62AB6859E0009D5F2 /* Empty Graph Tests.swift */,
				AB2763AA2AC6C4F3007F3812 /* Tree Tests.swift */,
				ABEEF2612AB190D4004C9429 /* Directed and Undirected Graphs */,
				ABEEF2602AB190AD004C9429 /* Weight Graph Tests */,
			);
			path = "Graph Tests";
			sourceTree = "<group>";
		};
/* End PBXGroup section */

/* Begin PBXNativeTarget section */
		AB510F2F2A8A91C800B76121 /* Adjacency Table Builder */ = {
			isa = PBXNativeTarget;
			buildConfigurationList = AB510F572A8A91CA00B76121 /* Build configuration list for PBXNativeTarget "Adjacency Table Builder" */;
			buildPhases = (
				AB510F2C2A8A91C800B76121 /* Sources */,
				AB510F2D2A8A91C800B76121 /* Frameworks */,
				AB510F2E2A8A91C800B76121 /* Resources */,
			);
			buildRules = (
			);
			dependencies = (
			);
			name = "Adjacency Table Builder";
			productName = "Adjacency Table Builder";
			productReference = AB510F302A8A91C800B76121 /* Adjacency Table Builder.app */;
			productType = "com.apple.product-type.application";
		};
		AB510F422A8A91CA00B76121 /* Adjacency Table BuilderTests */ = {
			isa = PBXNativeTarget;
			buildConfigurationList = AB510F5A2A8A91CA00B76121 /* Build configuration list for PBXNativeTarget "Adjacency Table BuilderTests" */;
			buildPhases = (
				AB510F3F2A8A91CA00B76121 /* Sources */,
				AB510F402A8A91CA00B76121 /* Frameworks */,
				AB510F412A8A91CA00B76121 /* Resources */,
			);
			buildRules = (
			);
			dependencies = (
				AB510F452A8A91CA00B76121 /* PBXTargetDependency */,
			);
			name = "Adjacency Table BuilderTests";
			productName = "Adjacency Table BuilderTests";
			productReference = AB510F432A8A91CA00B76121 /* Adjacency Table BuilderTests.xctest */;
			productType = "com.apple.product-type.bundle.unit-test";
		};
/* End PBXNativeTarget section */

/* Begin PBXProject section */
		AB510F282A8A91C800B76121 /* Project object */ = {
			isa = PBXProject;
			attributes = {
				BuildIndependentTargetsInParallel = 1;
				LastSwiftUpdateCheck = 1500;
				LastUpgradeCheck = 1500;
				TargetAttributes = {
					AB510F2F2A8A91C800B76121 = {
						CreatedOnToolsVersion = 15.0;
					};
					AB510F422A8A91CA00B76121 = {
						CreatedOnToolsVersion = 15.0;
						LastSwiftMigration = 1500;
						TestTargetID = AB510F2F2A8A91C800B76121;
					};
				};
			};
			buildConfigurationList = AB510F2B2A8A91C800B76121 /* Build configuration list for PBXProject "Adjacency Table Builder" */;
			compatibilityVersion = "Xcode 14.0";
			developmentRegion = en;
			hasScannedForEncodings = 0;
			knownRegions = (
				en,
				Base,
			);
			mainGroup = AB510F272A8A91C800B76121;
			productRefGroup = AB510F312A8A91C800B76121 /* Products */;
			projectDirPath = "";
			projectRoot = "";
			targets = (
				AB510F2F2A8A91C800B76121 /* Adjacency Table Builder */,
				AB510F422A8A91CA00B76121 /* Adjacency Table BuilderTests */,
			);
		};
/* End PBXProject section */

/* Begin PBXResourcesBuildPhase section */
		AB510F2E2A8A91C800B76121 /* Resources */ = {
			isa = PBXResourcesBuildPhase;
			buildActionMask = 2147483647;
			files = (
				AB510F3E2A8A91CA00B76121 /* Preview Assets.xcassets in Resources */,
				ABB518562ABE502400CB4B98 /* Comfortaa.ttf in Resources */,
				AB510F3A2A8A91CA00B76121 /* Assets.xcassets in Resources */,
			);
			runOnlyForDeploymentPostprocessing = 0;
		};
		AB510F412A8A91CA00B76121 /* Resources */ = {
			isa = PBXResourcesBuildPhase;
			buildActionMask = 2147483647;
			files = (
			);
			runOnlyForDeploymentPostprocessing = 0;
		};
/* End PBXResourcesBuildPhase section */

/* Begin PBXSourcesBuildPhase section */
		AB510F2C2A8A91C800B76121 /* Sources */ = {
			isa = PBXSourcesBuildPhase;
			buildActionMask = 2147483647;
			files = (
				AB76A9622A99A448007DE536 /* EdgeView.swift in Sources */,
				AB510F362A8A91C800B76121 /* ContentView.swift in Sources */,
				ABAF3D4E2AC767BF00B23F64 /* GraphVizViewer.swift in Sources */,
				AB6E1DB02AB0030400DD2A7A /* GraphFacts.swift in Sources */,
				AB76A96C2A99A74F007DE536 /* VertexView.swift in Sources */,
				AB76A96A2A99A645007DE536 /* EdgeList.swift in Sources */,
				AB8BFA4B2ABADFF100B1B2CC /* Edge.swift in Sources */,
				ABB5185A2ABE64EF00CB4B98 /* Comfortaa.swift in Sources */,
				ABAE8EB92A9C60540019F1D7 /* GraphEditor.swift in Sources */,
				AB510F342A8A91C800B76121 /* Adjacency_Table_BuilderApp.swift in Sources */,
				AB510F612A8A923F00B76121 /* Cell.swift in Sources */,
				AB76A9682A99A620007DE536 /* VertexList.swift in Sources */,
				ABB518522ABD75DB00CB4B98 /* EdgeCreator.swift in Sources */,
				AB510F6B2A8A92CD00B76121 /* TableView.swift in Sources */,
				ABBFEA1D2ABE6DB20061FF0E /* AddingHelper.swift in Sources */,
				ABAF3D4C2AC757F600B23F64 /* GraphViz.swift in Sources */,
				AB55B1152A99B20900928D09 /* TableViewer.swift in Sources */,
				AB510F652A8A928800B76121 /* Graph.swift in Sources */,
				AB8BFA4D2ABAE04D00B1B2CC /* Graph Samples.swift in Sources */,
			);
			runOnlyForDeploymentPostprocessing = 0;
		};
		AB510F3F2A8A91CA00B76121 /* Sources */ = {
			isa = PBXSourcesBuildPhase;
			buildActionMask = 2147483647;
			files = (
				ABEEF2562AB1902B004C9429 /* Undirected Graph Tests.swift in Sources */,
				ABC87FEB2AC4C97B00EEA68A /* Graph Connectivity Tests.swift in Sources */,
				AB2763AB2AC6C4F3007F3812 /* Tree Tests.swift in Sources */,
				ABB518502ABD70E400CB4B98 /* Graph Tests.swift in Sources */,
				ABEEF25C2AB1905E004C9429 /* Cyclic Graph Tests.swift in Sources */,
				ABEEF25A2AB19050004C9429 /* Unweighted Graph Tests.swift in Sources */,
				ABEEF25E2AB19073004C9429 /* Acyclic Graph Tests.swift in Sources */,
				AB6BB0D72AB6859E0009D5F2 /* Empty Graph Tests.swift in Sources */,
				AB2763A92AC6840D007F3812 /* Bipartite Graph Tests.swift in Sources */,
				ABEEF2582AB19043004C9429 /* Weighted Graph Tests.swift in Sources */,
				AB6D565E2ABBDC5E005415F7 /* Graph Test Samples.swift in Sources */,
			);
			runOnlyForDeploymentPostprocessing = 0;
		};
/* End PBXSourcesBuildPhase section */

/* Begin PBXTargetDependency section */
		AB510F452A8A91CA00B76121 /* PBXTargetDependency */ = {
			isa = PBXTargetDependency;
			target = AB510F2F2A8A91C800B76121 /* Adjacency Table Builder */;
			targetProxy = AB510F442A8A91CA00B76121 /* PBXContainerItemProxy */;
		};
/* End PBXTargetDependency section */

/* Begin XCBuildConfiguration section */
		AB510F552A8A91CA00B76121 /* Debug */ = {
			isa = XCBuildConfiguration;
			buildSettings = {
				ALWAYS_SEARCH_USER_PATHS = NO;
				ASSETCATALOG_COMPILER_GENERATE_SWIFT_ASSET_SYMBOL_EXTENSIONS = YES;
				CLANG_ANALYZER_NONNULL = YES;
				CLANG_ANALYZER_NUMBER_OBJECT_CONVERSION = YES_AGGRESSIVE;
				CLANG_CXX_LANGUAGE_STANDARD = "gnu++20";
				CLANG_ENABLE_MODULES = YES;
				CLANG_ENABLE_OBJC_ARC = YES;
				CLANG_ENABLE_OBJC_WEAK = YES;
				CLANG_WARN_BLOCK_CAPTURE_AUTORELEASING = YES;
				CLANG_WARN_BOOL_CONVERSION = YES;
				CLANG_WARN_COMMA = YES;
				CLANG_WARN_CONSTANT_CONVERSION = YES;
				CLANG_WARN_DEPRECATED_OBJC_IMPLEMENTATIONS = YES;
				CLANG_WARN_DIRECT_OBJC_ISA_USAGE = YES_ERROR;
				CLANG_WARN_DOCUMENTATION_COMMENTS = YES;
				CLANG_WARN_EMPTY_BODY = YES;
				CLANG_WARN_ENUM_CONVERSION = YES;
				CLANG_WARN_INFINITE_RECURSION = YES;
				CLANG_WARN_INT_CONVERSION = YES;
				CLANG_WARN_NON_LITERAL_NULL_CONVERSION = YES;
				CLANG_WARN_OBJC_IMPLICIT_RETAIN_SELF = YES;
				CLANG_WARN_OBJC_LITERAL_CONVERSION = YES;
				CLANG_WARN_OBJC_ROOT_CLASS = YES_ERROR;
				CLANG_WARN_QUOTED_INCLUDE_IN_FRAMEWORK_HEADER = YES;
				CLANG_WARN_RANGE_LOOP_ANALYSIS = YES;
				CLANG_WARN_STRICT_PROTOTYPES = YES;
				CLANG_WARN_SUSPICIOUS_MOVE = YES;
				CLANG_WARN_UNGUARDED_AVAILABILITY = YES_AGGRESSIVE;
				CLANG_WARN_UNREACHABLE_CODE = YES;
				CLANG_WARN__DUPLICATE_METHOD_MATCH = YES;
				COPY_PHASE_STRIP = NO;
				DEBUG_INFORMATION_FORMAT = dwarf;
				ENABLE_STRICT_OBJC_MSGSEND = YES;
				ENABLE_TESTABILITY = YES;
				ENABLE_USER_SCRIPT_SANDBOXING = YES;
				GCC_C_LANGUAGE_STANDARD = gnu17;
				GCC_DYNAMIC_NO_PIC = NO;
				GCC_NO_COMMON_BLOCKS = YES;
				GCC_OPTIMIZATION_LEVEL = 0;
				GCC_PREPROCESSOR_DEFINITIONS = (
					"DEBUG=1",
					"$(inherited)",
				);
				GCC_WARN_64_TO_32_BIT_CONVERSION = YES;
				GCC_WARN_ABOUT_RETURN_TYPE = YES_ERROR;
				GCC_WARN_UNDECLARED_SELECTOR = YES;
				GCC_WARN_UNINITIALIZED_AUTOS = YES_AGGRESSIVE;
				GCC_WARN_UNUSED_FUNCTION = YES;
				GCC_WARN_UNUSED_VARIABLE = YES;
				IPHONEOS_DEPLOYMENT_TARGET = 12.0;
				LOCALIZATION_PREFERS_STRING_CATALOGS = YES;
				MACOSX_DEPLOYMENT_TARGET = 13.0;
				MTL_ENABLE_DEBUG_INFO = INCLUDE_SOURCE;
				MTL_FAST_MATH = YES;
				ONLY_ACTIVE_ARCH = YES;
				SWIFT_ACTIVE_COMPILATION_CONDITIONS = "DEBUG $(inherited)";
				SWIFT_OPTIMIZATION_LEVEL = "-Onone";
			};
			name = Debug;
		};
		AB510F562A8A91CA00B76121 /* Release */ = {
			isa = XCBuildConfiguration;
			buildSettings = {
				ALWAYS_SEARCH_USER_PATHS = NO;
				ASSETCATALOG_COMPILER_GENERATE_SWIFT_ASSET_SYMBOL_EXTENSIONS = YES;
				CLANG_ANALYZER_NONNULL = YES;
				CLANG_ANALYZER_NUMBER_OBJECT_CONVERSION = YES_AGGRESSIVE;
				CLANG_CXX_LANGUAGE_STANDARD = "gnu++20";
				CLANG_ENABLE_MODULES = YES;
				CLANG_ENABLE_OBJC_ARC = YES;
				CLANG_ENABLE_OBJC_WEAK = YES;
				CLANG_WARN_BLOCK_CAPTURE_AUTORELEASING = YES;
				CLANG_WARN_BOOL_CONVERSION = YES;
				CLANG_WARN_COMMA = YES;
				CLANG_WARN_CONSTANT_CONVERSION = YES;
				CLANG_WARN_DEPRECATED_OBJC_IMPLEMENTATIONS = YES;
				CLANG_WARN_DIRECT_OBJC_ISA_USAGE = YES_ERROR;
				CLANG_WARN_DOCUMENTATION_COMMENTS = YES;
				CLANG_WARN_EMPTY_BODY = YES;
				CLANG_WARN_ENUM_CONVERSION = YES;
				CLANG_WARN_INFINITE_RECURSION = YES;
				CLANG_WARN_INT_CONVERSION = YES;
				CLANG_WARN_NON_LITERAL_NULL_CONVERSION = YES;
				CLANG_WARN_OBJC_IMPLICIT_RETAIN_SELF = YES;
				CLANG_WARN_OBJC_LITERAL_CONVERSION = YES;
				CLANG_WARN_OBJC_ROOT_CLASS = YES_ERROR;
				CLANG_WARN_QUOTED_INCLUDE_IN_FRAMEWORK_HEADER = YES;
				CLANG_WARN_RANGE_LOOP_ANALYSIS = YES;
				CLANG_WARN_STRICT_PROTOTYPES = YES;
				CLANG_WARN_SUSPICIOUS_MOVE = YES;
				CLANG_WARN_UNGUARDED_AVAILABILITY = YES_AGGRESSIVE;
				CLANG_WARN_UNREACHABLE_CODE = YES;
				CLANG_WARN__DUPLICATE_METHOD_MATCH = YES;
				COPY_PHASE_STRIP = NO;
				DEBUG_INFORMATION_FORMAT = "dwarf-with-dsym";
				ENABLE_NS_ASSERTIONS = NO;
				ENABLE_STRICT_OBJC_MSGSEND = YES;
				ENABLE_USER_SCRIPT_SANDBOXING = YES;
				GCC_C_LANGUAGE_STANDARD = gnu17;
				GCC_NO_COMMON_BLOCKS = YES;
				GCC_WARN_64_TO_32_BIT_CONVERSION = YES;
				GCC_WARN_ABOUT_RETURN_TYPE = YES_ERROR;
				GCC_WARN_UNDECLARED_SELECTOR = YES;
				GCC_WARN_UNINITIALIZED_AUTOS = YES_AGGRESSIVE;
				GCC_WARN_UNUSED_FUNCTION = YES;
				GCC_WARN_UNUSED_VARIABLE = YES;
				IPHONEOS_DEPLOYMENT_TARGET = 12.0;
				LOCALIZATION_PREFERS_STRING_CATALOGS = YES;
				MACOSX_DEPLOYMENT_TARGET = 13.0;
				MTL_ENABLE_DEBUG_INFO = NO;
				MTL_FAST_MATH = YES;
				SWIFT_COMPILATION_MODE = wholemodule;
			};
			name = Release;
		};
		AB510F582A8A91CA00B76121 /* Debug */ = {
			isa = XCBuildConfiguration;
			buildSettings = {
				ASSETCATALOG_COMPILER_APPICON_NAME = AppIcon;
				ASSETCATALOG_COMPILER_GLOBAL_ACCENT_COLOR_NAME = AccentColor;
				CODE_SIGN_ENTITLEMENTS = "Adjacency Table Builder/Adjacency_Table_Builder.entitlements";
				CODE_SIGN_STYLE = Automatic;
				CURRENT_PROJECT_VERSION = 1;
				DEVELOPMENT_ASSET_PATHS = "\"Adjacency Table Builder/Preview Content\"";
				DEVELOPMENT_TEAM = 58X5N6584R;
				ENABLE_HARDENED_RUNTIME = YES;
				ENABLE_PREVIEWS = YES;
				GENERATE_INFOPLIST_FILE = YES;
				INFOPLIST_FILE = "Adjacency-Table-Builder-Info.plist";
				"INFOPLIST_KEY_UIApplicationSceneManifest_Generation[sdk=iphoneos*]" = YES;
				"INFOPLIST_KEY_UIApplicationSceneManifest_Generation[sdk=iphonesimulator*]" = YES;
				"INFOPLIST_KEY_UIApplicationSupportsIndirectInputEvents[sdk=iphoneos*]" = YES;
				"INFOPLIST_KEY_UIApplicationSupportsIndirectInputEvents[sdk=iphonesimulator*]" = YES;
				"INFOPLIST_KEY_UILaunchScreen_Generation[sdk=iphoneos*]" = YES;
				"INFOPLIST_KEY_UILaunchScreen_Generation[sdk=iphonesimulator*]" = YES;
				"INFOPLIST_KEY_UIStatusBarStyle[sdk=iphoneos*]" = UIStatusBarStyleDefault;
				"INFOPLIST_KEY_UIStatusBarStyle[sdk=iphonesimulator*]" = UIStatusBarStyleDefault;
				INFOPLIST_KEY_UISupportedInterfaceOrientations_iPad = "UIInterfaceOrientationPortrait UIInterfaceOrientationPortraitUpsideDown UIInterfaceOrientationLandscapeLeft UIInterfaceOrientationLandscapeRight";
				INFOPLIST_KEY_UISupportedInterfaceOrientations_iPhone = "UIInterfaceOrientationPortrait UIInterfaceOrientationLandscapeLeft UIInterfaceOrientationLandscapeRight";
				IPHONEOS_DEPLOYMENT_TARGET = 16.0;
				LD_RUNPATH_SEARCH_PATHS = "@executable_path/Frameworks";
				"LD_RUNPATH_SEARCH_PATHS[sdk=macosx*]" = "@executable_path/../Frameworks";
				MACOSX_DEPLOYMENT_TARGET = 11.0;
				MARKETING_VERSION = 1.0;
				PRODUCT_BUNDLE_IDENTIFIER = "cloud.conklin.dylan.Adjacency-Table-Builder";
				PRODUCT_NAME = "$(TARGET_NAME)";
				SDKROOT = auto;
				SUPPORTED_PLATFORMS = "iphonesimulator iphoneos";
				SWIFT_EMIT_LOC_STRINGS = YES;
				SWIFT_VERSION = 5.0;
				TARGETED_DEVICE_FAMILY = "1,2";
			};
			name = Debug;
		};
		AB510F592A8A91CA00B76121 /* Release */ = {
			isa = XCBuildConfiguration;
			buildSettings = {
				ASSETCATALOG_COMPILER_APPICON_NAME = AppIcon;
				ASSETCATALOG_COMPILER_GLOBAL_ACCENT_COLOR_NAME = AccentColor;
				CODE_SIGN_ENTITLEMENTS = "Adjacency Table Builder/Adjacency_Table_Builder.entitlements";
				CODE_SIGN_STYLE = Automatic;
				CURRENT_PROJECT_VERSION = 1;
				DEVELOPMENT_ASSET_PATHS = "\"Adjacency Table Builder/Preview Content\"";
				DEVELOPMENT_TEAM = 58X5N6584R;
				ENABLE_HARDENED_RUNTIME = YES;
				ENABLE_PREVIEWS = YES;
				GENERATE_INFOPLIST_FILE = YES;
				INFOPLIST_FILE = "Adjacency-Table-Builder-Info.plist";
				"INFOPLIST_KEY_UIApplicationSceneManifest_Generation[sdk=iphoneos*]" = YES;
				"INFOPLIST_KEY_UIApplicationSceneManifest_Generation[sdk=iphonesimulator*]" = YES;
				"INFOPLIST_KEY_UIApplicationSupportsIndirectInputEvents[sdk=iphoneos*]" = YES;
				"INFOPLIST_KEY_UIApplicationSupportsIndirectInputEvents[sdk=iphonesimulator*]" = YES;
				"INFOPLIST_KEY_UILaunchScreen_Generation[sdk=iphoneos*]" = YES;
				"INFOPLIST_KEY_UILaunchScreen_Generation[sdk=iphonesimulator*]" = YES;
				"INFOPLIST_KEY_UIStatusBarStyle[sdk=iphoneos*]" = UIStatusBarStyleDefault;
				"INFOPLIST_KEY_UIStatusBarStyle[sdk=iphonesimulator*]" = UIStatusBarStyleDefault;
				INFOPLIST_KEY_UISupportedInterfaceOrientations_iPad = "UIInterfaceOrientationPortrait UIInterfaceOrientationPortraitUpsideDown UIInterfaceOrientationLandscapeLeft UIInterfaceOrientationLandscapeRight";
				INFOPLIST_KEY_UISupportedInterfaceOrientations_iPhone = "UIInterfaceOrientationPortrait UIInterfaceOrientationLandscapeLeft UIInterfaceOrientationLandscapeRight";
				IPHONEOS_DEPLOYMENT_TARGET = 16.0;
				LD_RUNPATH_SEARCH_PATHS = "@executable_path/Frameworks";
				"LD_RUNPATH_SEARCH_PATHS[sdk=macosx*]" = "@executable_path/../Frameworks";
				MACOSX_DEPLOYMENT_TARGET = 11.0;
				MARKETING_VERSION = 1.0;
				PRODUCT_BUNDLE_IDENTIFIER = "cloud.conklin.dylan.Adjacency-Table-Builder";
				PRODUCT_NAME = "$(TARGET_NAME)";
				SDKROOT = auto;
				SUPPORTED_PLATFORMS = "iphonesimulator iphoneos";
				SWIFT_EMIT_LOC_STRINGS = YES;
				SWIFT_VERSION = 5.0;
				TARGETED_DEVICE_FAMILY = "1,2";
			};
			name = Release;
		};
		AB510F5B2A8A91CA00B76121 /* Debug */ = {
			isa = XCBuildConfiguration;
			buildSettings = {
				ALWAYS_EMBED_SWIFT_STANDARD_LIBRARIES = YES;
				BUNDLE_LOADER = "$(TEST_HOST)";
				CLANG_ENABLE_MODULES = YES;
				CODE_SIGN_STYLE = Automatic;
				CURRENT_PROJECT_VERSION = 1;
				DEVELOPMENT_TEAM = 58X5N6584R;
				GENERATE_INFOPLIST_FILE = YES;
				IPHONEOS_DEPLOYMENT_TARGET = 16.0;
				MACOSX_DEPLOYMENT_TARGET = 14.0;
				MARKETING_VERSION = 1.0;
				PRODUCT_BUNDLE_IDENTIFIER = "cloud.conklin.dylan.Adjacency-Table-BuilderTests";
				PRODUCT_NAME = "$(TARGET_NAME)";
				SDKROOT = auto;
				SUPPORTED_PLATFORMS = "iphoneos iphonesimulator macosx";
				SWIFT_EMIT_LOC_STRINGS = NO;
				SWIFT_OPTIMIZATION_LEVEL = "-Onone";
				SWIFT_VERSION = 5.0;
				TARGETED_DEVICE_FAMILY = "1,2";
				TEST_HOST = "$(BUILT_PRODUCTS_DIR)/Adjacency Table Builder.app/$(BUNDLE_EXECUTABLE_FOLDER_PATH)/Adjacency Table Builder";
			};
			name = Debug;
		};
		AB510F5C2A8A91CA00B76121 /* Release */ = {
			isa = XCBuildConfiguration;
			buildSettings = {
				ALWAYS_EMBED_SWIFT_STANDARD_LIBRARIES = YES;
				BUNDLE_LOADER = "$(TEST_HOST)";
				CLANG_ENABLE_MODULES = YES;
				CODE_SIGN_STYLE = Automatic;
				CURRENT_PROJECT_VERSION = 1;
				DEVELOPMENT_TEAM = 58X5N6584R;
				GENERATE_INFOPLIST_FILE = YES;
				IPHONEOS_DEPLOYMENT_TARGET = 16.0;
				MACOSX_DEPLOYMENT_TARGET = 14.0;
				MARKETING_VERSION = 1.0;
				PRODUCT_BUNDLE_IDENTIFIER = "cloud.conklin.dylan.Adjacency-Table-BuilderTests";
				PRODUCT_NAME = "$(TARGET_NAME)";
				SDKROOT = auto;
				SUPPORTED_PLATFORMS = "iphoneos iphonesimulator macosx";
				SWIFT_EMIT_LOC_STRINGS = NO;
				SWIFT_VERSION = 5.0;
				TARGETED_DEVICE_FAMILY = "1,2";
				TEST_HOST = "$(BUILT_PRODUCTS_DIR)/Adjacency Table Builder.app/$(BUNDLE_EXECUTABLE_FOLDER_PATH)/Adjacency Table Builder";
			};
			name = Release;
		};
/* End XCBuildConfiguration section */

/* Begin XCConfigurationList section */
		AB510F2B2A8A91C800B76121 /* Build configuration list for PBXProject "Adjacency Table Builder" */ = {
			isa = XCConfigurationList;
			buildConfigurations = (
				AB510F552A8A91CA00B76121 /* Debug */,
				AB510F562A8A91CA00B76121 /* Release */,
			);
			defaultConfigurationIsVisible = 0;
			defaultConfigurationName = Release;
		};
		AB510F572A8A91CA00B76121 /* Build configuration list for PBXNativeTarget "Adjacency Table Builder" */ = {
			isa = XCConfigurationList;
			buildConfigurations = (
				AB510F582A8A91CA00B76121 /* Debug */,
				AB510F592A8A91CA00B76121 /* Release */,
			);
			defaultConfigurationIsVisible = 0;
			defaultConfigurationName = Release;
		};
		AB510F5A2A8A91CA00B76121 /* Build configuration list for PBXNativeTarget "Adjacency Table BuilderTests" */ = {
			isa = XCConfigurationList;
			buildConfigurations = (
				AB510F5B2A8A91CA00B76121 /* Debug */,
				AB510F5C2A8A91CA00B76121 /* Release */,
			);
			defaultConfigurationIsVisible = 0;
			defaultConfigurationName = Release;
		};
/* End XCConfigurationList section */
	};
	rootObject = AB510F282A8A91C800B76121 /* Project object */;
}
